
Microsoft Visual Studio Solution File, Format Version 12.00
# Visual Studio Version 17
VisualStudioVersion = 17.14.37710.0 d17.14
MinimumVisualStudioVersion = 10.0.40219.1
Project("{FAE04EC0-301F-11D3-BF4B-00C04F79EFBC}") = "QueueCare", "QueueCare.csproj", "{207D1A99-29C6-45F2-BFAD-6D9EAC0B9CA8}"
EndProject
Global
	GlobalSection(SolutionConfigurationPlatforms) = preSolution
		Debug|Any CPU = Debug|Any CPU
		Release|Any CPU = Release|Any CPU
	EndGlobalSection
	GlobalSection(ProjectConfigurationPlatforms) = postSolution
		{207D1A99-29C6-45F2-BFAD-6D9EAC0B9CA8}.Debug|Any CPU.ActiveCfg = Debug|Any CPU
		{207D1A99-29C6-45F2-BFAD-6D9EAC0B9CA8}.Debug|Any CPU.Build.0 = Debug|Any CPU
		{207D1A99-29C6-45F2-BFAD-6D9EAC0B9CA8}.Release|Any CPU.ActiveCfg = Release|Any CPU
		{207D1A99-29C6-45F2-BFAD-6D9EAC0B9CA8}.Release|Any CPU.Build.0 = Release|Any CPU
	EndGlobalSection
	GlobalSection(SolutionProperties) = preSolution
		HideSolutionNode = FALSE
	EndGlobalSection
	GlobalSection(ExtensibilityGlobals) = postSolution
		SolutionGuid = {EA7AA328-1EBD-41A5-93E5-00A5DFD99DDF}
	EndGlobalSection
EndGlobal
